
Microsoft Visual Studio Solution File, Format Version 12.00
# Visual Studio Version 17
VisualStudioVersion = 17.6.33815.320
MinimumVisualStudioVersion = 10.0.40219.1
Project("{FAE04EC0-301F-11D3-BF4B-00C04F79EFBC}") = "2048WindowsFormsApp", "2048WindowsFormsApp\2048WindowsFormsApp.csproj", "{515683F7-2620-47F5-979D-CD7F737D2B09}"
EndProject
Global
	GlobalSection(SolutionConfigurationPlatforms) = preSolution
		Debug|Any CPU = Debug|Any CPU
		Release|Any CPU = Release|Any CPU
	EndGlobalSection
	GlobalSection(ProjectConfigurationPlatforms) = postSolution
		{515683F7-2620-47F5-979D-CD7F737D2B09}.Debug|Any CPU.ActiveCfg = Debug|Any CPU
		{515683F7-2620-47F5-979D-CD7F737D2B09}.Debug|Any CPU.Build.0 = Debug|Any CPU
		{515683F7-2620-47F5-979D-CD7F737D2B09}.Release|Any CPU.ActiveCfg = Release|Any CPU
		{515683F7-2620-47F5-979D-CD7F737D2B09}.Release|Any CPU.Build.0 = Release|Any CPU
	EndGlobalSection
	GlobalSection(SolutionProperties) = preSolution
		HideSolutionNode = FALSE
	EndGlobalSection
	GlobalSection(ExtensibilityGlobals) = postSolution
		SolutionGuid = {75225F84-3AB4-4AAB-BD9F-268F56704208}
	EndGlobalSection
EndGlobal
