
Microsoft Visual Studio Solution File, Format Version 12.00
# Visual Studio Version 17
VisualStudioVersion = 17.6.33815.320
MinimumVisualStudioVersion = 10.0.40219.1
Project("{9A19103F-16F7-4668-BE54-9A1E7A4F7556}") = "GeniyIdiotConsoleApp", "GeniyIdiotConsoleApp\GeniyIdiotConsoleApp.csproj", "{75F5AEBC-2443-4AE3-9475-B66BA84965FC}"
EndProject
Project("{9A19103F-16F7-4668-BE54-9A1E7A4F7556}") = "GeniyIdiotWinFormApp", "GeniyIdiotWinFormApp\GeniyIdiotWinFormApp.csproj", "{D4DE42C1-2238-499B-B1ED-B14549D331F8}"
EndProject
Project("{FAE04EC0-301F-11D3-BF4B-00C04F79EFBC}") = "GeniyIdiot.Common", "GeniyIdiot.Common\GeniyIdiot.Common.csproj", "{C8D09BCC-A327-4A2B-986A-5F30AE38F869}"
EndProject
Global
	GlobalSection(SolutionConfigurationPlatforms) = preSolution
		Debug|Any CPU = Debug|Any CPU
		Release|Any CPU = Release|Any CPU
	EndGlobalSection
	GlobalSection(ProjectConfigurationPlatforms) = postSolution
		{75F5AEBC-2443-4AE3-9475-B66BA84965FC}.Debug|Any CPU.ActiveCfg = Debug|Any CPU
		{75F5AEBC-2443-4AE3-9475-B66BA84965FC}.Debug|Any CPU.Build.0 = Debug|Any CPU
		{75F5AEBC-2443-4AE3-9475-B66BA84965FC}.Release|Any CPU.ActiveCfg = Release|Any CPU
		{75F5AEBC-2443-4AE3-9475-B66BA84965FC}.Release|Any CPU.Build.0 = Release|Any CPU
		{D4DE42C1-2238-499B-B1ED-B14549D331F8}.Debug|Any CPU.ActiveCfg = Debug|Any CPU
		{D4DE42C1-2238-499B-B1ED-B14549D331F8}.Debug|Any CPU.Build.0 = Debug|Any CPU
		{D4DE42C1-2238-499B-B1ED-B14549D331F8}.Release|Any CPU.ActiveCfg = Release|Any CPU
		{D4DE42C1-2238-499B-B1ED-B14549D331F8}.Release|Any CPU.Build.0 = Release|Any CPU
		{C8D09BCC-A327-4A2B-986A-5F30AE38F869}.Debug|Any CPU.ActiveCfg = Debug|Any CPU
		{C8D09BCC-A327-4A2B-986A-5F30AE38F869}.Debug|Any CPU.Build.0 = Debug|Any CPU
		{C8D09BCC-A327-4A2B-986A-5F30AE38F869}.Release|Any CPU.ActiveCfg = Release|Any CPU
		{C8D09BCC-A327-4A2B-986A-5F30AE38F869}.Release|Any CPU.Build.0 = Release|Any CPU
	EndGlobalSection
	GlobalSection(SolutionProperties) = preSolution
		HideSolutionNode = FALSE
	EndGlobalSection
	GlobalSection(ExtensibilityGlobals) = postSolution
		SolutionGuid = {CBC9B580-4ACC-4F8E-9659-1F557A8C7B88}
	EndGlobalSection
EndGlobal
