
Microsoft Visual Studio Solution File, Format Version 12.00
# Visual Studio Version 17
VisualStudioVersion = 17.6.33815.320
MinimumVisualStudioVersion = 10.0.40219.1
Project("{FAE04EC0-301F-11D3-BF4B-00C04F79EFBC}") = "GeniyIdiotConsoleApp", "GeniyIdiotConsoleApp\GeniyIdiotConsoleApp.csproj", "{75F5AEBC-2443-4AE3-9475-B66BA84965FC}"
EndProject
Global
	GlobalSection(SolutionConfigurationPlatforms) = preSolution
		Debug|Any CPU = Debug|Any CPU
		Release|Any CPU = Release|Any CPU
	EndGlobalSection
	GlobalSection(ProjectConfigurationPlatforms) = postSolution
		{75F5AEBC-2443-4AE3-9475-B66BA84965FC}.Debug|Any CPU.ActiveCfg = Debug|Any CPU
		{75F5AEBC-2443-4AE3-9475-B66BA84965FC}.Debug|Any CPU.Build.0 = Debug|Any CPU
		{75F5AEBC-2443-4AE3-9475-B66BA84965FC}.Release|Any CPU.ActiveCfg = Release|Any CPU
		{75F5AEBC-2443-4AE3-9475-B66BA84965FC}.Release|Any CPU.Build.0 = Release|Any CPU
	EndGlobalSection
	GlobalSection(SolutionProperties) = preSolution
		HideSolutionNode = FALSE
	EndGlobalSection
	GlobalSection(ExtensibilityGlobals) = postSolution
		SolutionGuid = {CBC9B580-4ACC-4F8E-9659-1F557A8C7B88}
	EndGlobalSection
EndGlobal
